
Microsoft Visual Studio Solution File, Format Version 12.00
Project("{FAE04EC0-301F-11D3-BF4B-00C04F79EFBC}") = "Clinically.Kinde.Authentication", "Clinically.Kinde.Authentication.csproj", "{306CC2D3-C9C7-46CA-AAC0-3C08B123C1DB}"
EndProject
Global
	GlobalSection(SolutionConfigurationPlatforms) = preSolution
		Debug|Any CPU = Debug|Any CPU
		Release|Any CPU = Release|Any CPU
	EndGlobalSection
	GlobalSection(ProjectConfigurationPlatforms) = postSolution
		{306CC2D3-C9C7-46CA-AAC0-3C08B123C1DB}.Debug|Any CPU.ActiveCfg = Debug|Any CPU
		{306CC2D3-C9C7-46CA-AAC0-3C08B123C1DB}.Debug|Any CPU.Build.0 = Debug|Any CPU
		{306CC2D3-C9C7-46CA-AAC0-3C08B123C1DB}.Release|Any CPU.ActiveCfg = Release|Any CPU
		{306CC2D3-C9C7-46CA-AAC0-3C08B123C1DB}.Release|Any CPU.Build.0 = Release|Any CPU
	EndGlobalSection
EndGlobal
